<?xml version="1.0" encoding="utf-8"?>
<Project ToolsVersion="4.0" xmlns="http://schemas.microsoft.com/developer/msbuild/2003">
  <ItemGroup>
    <Filter Include="Source Files">
      <UniqueIdentifier>{4FC737F1-C7A5-4376-A066-2A32D752A2FF}</UniqueIdentifier>
      <Extensions>cpp;c;cc;cxx;c++;def;odl;idl;hpj;bat;asm;asmx</Extensions>
    </Filter>
    <Filter Include="Header Files">
      <UniqueIdentifier>{93995380-89BD-4b04-88EB-625FBE52EBFB}</UniqueIdentifier>
      <Extensions>h;hh;hpp;hxx;h++;hm;inl;inc;ipp;xsd</Extensions>
    </Filter>
    <Filter Include="Resource Files">
      <UniqueIdentifier>{67DA6AB6-F800-4c08-8B7A-83BB121AAD01}</UniqueIdentifier>
      <Extensions>rc;ico;cur;bmp;dlg;rc2;rct;bin;rgs;gif;jpg;jpeg;jpe;resx;tiff;tif;png;wav;mfcribbon-ms</Extensions>
    </Filter>
  </ItemGroup>
  <ItemGroup>
    <ClCompile Include="Source\Main.cpp">
      <Filter>Source Files</Filter>
    </ClCompile>
    <ClCompile Include="Source\UF.cpp">
      <Filter>Source Files</Filter>
    </ClCompile>
    <ClCompile Include="Source\WeightedQuickUnionUF.cpp">
      <Filter>Source Files</Filter>
    </ClCompile>
  </ItemGroup>
  <ItemGroup>
    <ClInclude Include="Source\BinarySearch.h">
      <Filter>Header Files</Filter>
    </ClInclude>
    <ClInclude Include="Source\UF.h">
      <Filter>Header Files</Filter>
    </ClInclude>
    <ClInclude Include="Source\WeightedQuickUnionUF.h">
      <Filter>Header Files</Filter>
    </ClInclude>
    <ClInclude Include="Source\Counter.h">
      <Filter>Header Files</Filter>
    </ClInclude>
    <ClInclude Include="Source\Flips.h">
      <Filter>Header Files</Filter>
    </ClInclude>
    <ClInclude Include="Source\Rolls.h">
      <Filter>Header Files</Filter>
    </ClInclude>
    <ClInclude Include="Source\FlipsMax.h">
      <Filter>Header Files</Filter>
    </ClInclude>
    <ClInclude Include="Source\Bag.h">
      <Filter>Header Files</Filter>
    </ClInclude>
    <ClInclude Include="Source\Queue.h">
      <Filter>Header Files</Filter>
    </ClInclude>
    <ClInclude Include="Source\Stack.h">
      <Filter>Header Files</Filter>
    </ClInclude>
    <ClInclude Include="Source\Stats.h">
      <Filter>Header Files</Filter>
    </ClInclude>
    <ClInclude Include="Source\In.h">
      <Filter>Header Files</Filter>
    </ClInclude>
    <ClInclude Include="Source\Reverse.h">
      <Filter>Header Files</Filter>
    </ClInclude>
    <ClInclude Include="Source\Evaluate.h">
      <Filter>Header Files</Filter>
    </ClInclude>
  </ItemGroup>
  <ItemGroup>
    <Text Include="Resource\largeAllowlist.txt">
      <Filter>Resource Files</Filter>
    </Text>
    <Text Include="Resource\largeText.txt">
      <Filter>Resource Files</Filter>
    </Text>
    <Text Include="Resource\tinyAllowlist.txt">
      <Filter>Resource Files</Filter>
    </Text>
    <Text Include="Resource\tinyText.txt">
      <Filter>Resource Files</Filter>
    </Text>
  </ItemGroup>
</Project>